
Microsoft Visual Studio Solution File, Format Version 12.00
# Visual Studio Version 17
VisualStudioVersion = 17.8.34511.84
MinimumVisualStudioVersion = 10.0.40219.1
Project("{FAE04EC0-301F-11D3-BF4B-00C04F79EFBC}") = "WTS", "WTS.csproj", "{86C5ACF5-54F9-4E61-92AA-783F36EC035E}"
EndProject
Global
	GlobalSection(SolutionConfigurationPlatforms) = preSolution
		Debug|Any CPU = Debug|Any CPU
		Release|Any CPU = Release|Any CPU
	EndGlobalSection
	GlobalSection(ProjectConfigurationPlatforms) = postSolution
		{86C5ACF5-54F9-4E61-92AA-783F36EC035E}.Debug|Any CPU.ActiveCfg = Debug|Any CPU
		{86C5ACF5-54F9-4E61-92AA-783F36EC035E}.Debug|Any CPU.Build.0 = Debug|Any CPU
		{86C5ACF5-54F9-4E61-92AA-783F36EC035E}.Release|Any CPU.ActiveCfg = Release|Any CPU
		{86C5ACF5-54F9-4E61-92AA-783F36EC035E}.Release|Any CPU.Build.0 = Release|Any CPU
	EndGlobalSection
	GlobalSection(SolutionProperties) = preSolution
		HideSolutionNode = FALSE
	EndGlobalSection
	GlobalSection(ExtensibilityGlobals) = postSolution
		SolutionGuid = {96B59706-6155-4F47-A286-AD140149E766}
	EndGlobalSection
EndGlobal
